
Microsoft Visual Studio Solution File, Format Version 12.00
# Visual Studio Version 16
VisualStudioVersion = 16.0.31729.503
MinimumVisualStudioVersion = 10.0.40219.1
Project("{FAE04EC0-301F-11D3-BF4B-00C04F79EFBC}") = "BaoMatVaKiemTraLoi", "BaoMatVaKiemTraLoi\BaoMatVaKiemTraLoi.csproj", "{B72225D2-4899-4D08-957D-EA2C3B833678}"
EndProject
Global
	GlobalSection(SolutionConfigurationPlatforms) = preSolution
		Debug|Any CPU = Debug|Any CPU
		Release|Any CPU = Release|Any CPU
	EndGlobalSection
	GlobalSection(ProjectConfigurationPlatforms) = postSolution
		{B72225D2-4899-4D08-957D-EA2C3B833678}.Debug|Any CPU.ActiveCfg = Debug|Any CPU
		{B72225D2-4899-4D08-957D-EA2C3B833678}.Debug|Any CPU.Build.0 = Debug|Any CPU
		{B72225D2-4899-4D08-957D-EA2C3B833678}.Release|Any CPU.ActiveCfg = Release|Any CPU
		{B72225D2-4899-4D08-957D-EA2C3B833678}.Release|Any CPU.Build.0 = Release|Any CPU
	EndGlobalSection
	GlobalSection(SolutionProperties) = preSolution
		HideSolutionNode = FALSE
	EndGlobalSection
	GlobalSection(ExtensibilityGlobals) = postSolution
		SolutionGuid = {C5389A1E-A650-49F5-81D4-14F50C962413}
	EndGlobalSection
EndGlobal
