
Microsoft Visual Studio Solution File, Format Version 12.00
# Visual Studio Version 16
VisualStudioVersion = 16.0.31702.278
MinimumVisualStudioVersion = 10.0.40219.1
Project("{FAE04EC0-301F-11D3-BF4B-00C04F79EFBC}") = "NgonNguWeb", "NgonNguWeb\NgonNguWeb.csproj", "{8B46E921-7700-4727-BC30-9ADC17988B49}"
EndProject
Global
	GlobalSection(SolutionConfigurationPlatforms) = preSolution
		Debug|Any CPU = Debug|Any CPU
		Release|Any CPU = Release|Any CPU
	EndGlobalSection
	GlobalSection(ProjectConfigurationPlatforms) = postSolution
		{8B46E921-7700-4727-BC30-9ADC17988B49}.Debug|Any CPU.ActiveCfg = Debug|Any CPU
		{8B46E921-7700-4727-BC30-9ADC17988B49}.Debug|Any CPU.Build.0 = Debug|Any CPU
		{8B46E921-7700-4727-BC30-9ADC17988B49}.Release|Any CPU.ActiveCfg = Release|Any CPU
		{8B46E921-7700-4727-BC30-9ADC17988B49}.Release|Any CPU.Build.0 = Release|Any CPU
	EndGlobalSection
	GlobalSection(SolutionProperties) = preSolution
		HideSolutionNode = FALSE
	EndGlobalSection
	GlobalSection(ExtensibilityGlobals) = postSolution
		SolutionGuid = {C495F31E-E30C-4AFB-B504-8F62039D2789}
	EndGlobalSection
EndGlobal
