
Microsoft Visual Studio Solution File, Format Version 12.00
# Visual Studio Version 16
VisualStudioVersion = 16.0.32002.261
MinimumVisualStudioVersion = 10.0.40219.1
Project("{FAE04EC0-301F-11D3-BF4B-00C04F79EFBC}") = "MyLib", "MyLib\MyLib.csproj", "{3EA8FF11-84B7-481A-9BCF-CF51F048590D}"
EndProject
Global
	GlobalSection(SolutionConfigurationPlatforms) = preSolution
		Debug|Any CPU = Debug|Any CPU
		Release|Any CPU = Release|Any CPU
	EndGlobalSection
	GlobalSection(ProjectConfigurationPlatforms) = postSolution
		{3EA8FF11-84B7-481A-9BCF-CF51F048590D}.Debug|Any CPU.ActiveCfg = Debug|Any CPU
		{3EA8FF11-84B7-481A-9BCF-CF51F048590D}.Debug|Any CPU.Build.0 = Debug|Any CPU
		{3EA8FF11-84B7-481A-9BCF-CF51F048590D}.Release|Any CPU.ActiveCfg = Release|Any CPU
		{3EA8FF11-84B7-481A-9BCF-CF51F048590D}.Release|Any CPU.Build.0 = Release|Any CPU
	EndGlobalSection
	GlobalSection(SolutionProperties) = preSolution
		HideSolutionNode = FALSE
	EndGlobalSection
	GlobalSection(ExtensibilityGlobals) = postSolution
		SolutionGuid = {FF52DD53-1193-42B8-9D5E-ED473455519B}
	EndGlobalSection
EndGlobal
