
Microsoft Visual Studio Solution File, Format Version 12.00
# Visual Studio Version 16
VisualStudioVersion = 16.0.32106.194
MinimumVisualStudioVersion = 10.0.40219.1
Project("{FAE04EC0-301F-11D3-BF4B-00C04F79EFBC}") = "CodeFirst", "CodeFirst\CodeFirst.csproj", "{F2169577-6278-45F9-B757-1AD898572A8D}"
EndProject
Global
	GlobalSection(SolutionConfigurationPlatforms) = preSolution
		Debug|Any CPU = Debug|Any CPU
		Release|Any CPU = Release|Any CPU
	EndGlobalSection
	GlobalSection(ProjectConfigurationPlatforms) = postSolution
		{F2169577-6278-45F9-B757-1AD898572A8D}.Debug|Any CPU.ActiveCfg = Debug|Any CPU
		{F2169577-6278-45F9-B757-1AD898572A8D}.Debug|Any CPU.Build.0 = Debug|Any CPU
		{F2169577-6278-45F9-B757-1AD898572A8D}.Release|Any CPU.ActiveCfg = Release|Any CPU
		{F2169577-6278-45F9-B757-1AD898572A8D}.Release|Any CPU.Build.0 = Release|Any CPU
	EndGlobalSection
	GlobalSection(SolutionProperties) = preSolution
		HideSolutionNode = FALSE
	EndGlobalSection
	GlobalSection(ExtensibilityGlobals) = postSolution
		SolutionGuid = {E9C75F39-DF03-436E-9D2B-921FCE4AD78D}
	EndGlobalSection
EndGlobal
